
Microsoft Visual Studio Solution File, Format Version 12.00
# Visual Studio 15
Project("{FAE04EC0-301F-11D3-BF4B-00C04F79EFBC}") = "Assembly-CSharp", "Assembly-CSharp.csproj", "{59A036E9-B389-C217-CD59-DBEE6B2E7DC9}"
EndProject
Project("{FAE04EC0-301F-11D3-BF4B-00C04F79EFBC}") = "Assembly-CSharp-Editor", "Assembly-CSharp-Editor.csproj", "{3F8E55B7-9373-CBC4-C088-2BA487C4C23C}"
EndProject
Global
	GlobalSection(SolutionConfigurationPlatforms) = preSolution
		Debug|Any CPU = Debug|Any CPU
		Release|Any CPU = Release|Any CPU
	EndGlobalSection
	GlobalSection(ProjectConfigurationPlatforms) = postSolution
		{59A036E9-B389-C217-CD59-DBEE6B2E7DC9}.Debug|Any CPU.ActiveCfg = Debug|Any CPU
		{59A036E9-B389-C217-CD59-DBEE6B2E7DC9}.Debug|Any CPU.Build.0 = Debug|Any CPU
		{59A036E9-B389-C217-CD59-DBEE6B2E7DC9}.Release|Any CPU.ActiveCfg = Release|Any CPU
		{59A036E9-B389-C217-CD59-DBEE6B2E7DC9}.Release|Any CPU.Build.0 = Release|Any CPU
		{3F8E55B7-9373-CBC4-C088-2BA487C4C23C}.Debug|Any CPU.ActiveCfg = Debug|Any CPU
		{3F8E55B7-9373-CBC4-C088-2BA487C4C23C}.Debug|Any CPU.Build.0 = Debug|Any CPU
		{3F8E55B7-9373-CBC4-C088-2BA487C4C23C}.Release|Any CPU.ActiveCfg = Release|Any CPU
		{3F8E55B7-9373-CBC4-C088-2BA487C4C23C}.Release|Any CPU.Build.0 = Release|Any CPU
	EndGlobalSection
	GlobalSection(SolutionProperties) = preSolution
		HideSolutionNode = FALSE
	EndGlobalSection
EndGlobal
